webtyp.com/agent v1.0.0 h1:3uvEemfcuy+PxfzLxq0eRmZpR+YQPVVcVFICcZNML4M=
webtyp.com/agent v1.0.0/go.mod h1:Fm6CP1iEiO49sYbNhFcKm2fzJxO/yv8eiXtHScPJC8U=
webtyp.com/agentcontext v0.3.1 h1:WMe08AbspOV4foz3BxuiiG9yVor74jT4+GwHzaGpDVo=
webtyp.com/agentcontext v0.3.1/go.mod h1:fQE58FoEdOhGinHfawjaHVXA7727G8wVW/83h9u2pNE=
webtyp.com/artifacts v0.1.1 h1:vL/fqvjjK1J36bam5HcU0xRId9YKbFRx7qWC+tNYcYs=
webtyp.com/artifacts v0.1.1/go.mod h1:cV10z50sVNVz4M4qG6oxmS5uvtDeo9XLtH65fy7zErk=
webtyp.com/await v0.1.2 h1:0rZLLCvu+y/8CJU0YH2ZGi/OLygZwZTBJIrGi0+Z0Fg=
webtyp.com/await v0.1.2/go.mod h1:SiF0Y5G9XEnN5u6SISxLU4GW/8y9ENR1K3fQF1uHMCQ=
webtyp.com/base64 v0.0.6 h1:Tkr9Y/s3RLa6yuatk5Tdwdc90NhDP6pNYO1HQG9iIHM=
webtyp.com/base64 v0.0.6/go.mod h1:wH2ocJ0rKbTo34XLsDryH9STDu0Jm2gQXasjh5wDwEw=
webtyp.com/context v0.0.23 h1:T+lH+UteRAPD6gLH8oxW0TBr5aZlJwgfIpmnA4DdFSY=
webtyp.com/context v0.0.23/go.mod h1:SXtpX0NmsG9zoL9B2uYVPy0ZfmXl0C1zyjQkYmuz38Q=
webtyp.com/decoder v0.5.2 h1:0zbRZZZmENot4sziJrZGPTenU4oQSfs/e+cyCr4Mytk=
webtyp.com/decoder v0.5.2/go.mod h1:td6W+e0uRCd/KSGnzq5IktBhjln+1B0k9FoMt7PeJLc=
webtyp.com/device v0.1.0 h1:2Rm+IJKgR5e8rZGvO1e6yXw7jdIgSFi3jGlttUJEQIk=
webtyp.com/device v0.1.0/go.mod h1:D8mfubo8LgCuWbjcVyCKvmBexcERsPLqRJh1sXvbH9I=
webtyp.com/fetch v0.1.28 h1:Tb8NUBp/5tLWI22U0lg/YPrR1hJtR05a8VUC5UrXyns=
webtyp.com/fetch v0.1.28/go.mod h1:ZX35mkKiyfjnJE9Ix9N+IT1ebFRTLm2fKbU0+eZ2XlA=
webtyp.com/files v0.0.4 h1:eWHZxuxfyTUEseiqsAORerCby0Q5pgE90NrrB6IMi7w=
webtyp.com/files v0.0.4/go.mod h1:60eXoQBgpphr/NVhRJq1cueKzpHCzjbp0gml2uz3MQg=
webtyp.com/fmt v1.0.0 h1:W0vMMGC6ezg1q2LarAEaVnNvZ26hVqzZdQQH1wcNogM=
webtyp.com/fmt v1.0.0/go.mod h1:FmTxx713R45J21kbH5JOmKGaaCap3fJPA9Yl2n4Ch7U=
webtyp.com/js v0.1.1 h1:Vl1LsNQe6dPgU1meWahTAAWvM4M7zWzn1t8+BLLjkcw=
webtyp.com/js v0.1.1/go.mod h1:s6MCdLDiERBflwmjQDp66+r1fCR5IeNdba/Q5TVKX/0=
webtyp.com/json v0.5.27 h1:QNljdAHaKJfi9FdToMvWDxAa/taHUJ8yNbkksGT4hUc=
webtyp.com/json v0.5.27/go.mod h1:kIAtefqg9B8tHtYWelE6PAtpBILwuV61+9n+2bU/lxw=
webtyp.com/lfm v0.1.3 h1:P+yisRXIW83vrIwAufHbPaU+2QhojcDfjI7KYstYY7U=
webtyp.com/lfm v0.1.3/go.mod h1:nSIWTjHUsdRY/7p4gJ7M0Pb1CG73HRzrKgsecfk8Goc=
webtyp.com/llm v0.2.3 h1:dDbngZsiEI3cXpkWKZhouR9mrwUpJeP5VQs6sXUAbqw=
webtyp.com/llm v0.2.3/go.mod h1:UsS33kzQ1P+4KsgrLl50PT/dFxcYMQT/vOk0otI3IY4=
webtyp.com/mcp v0.2.40 h1:QyylDdkbdvg+g85ldhw8y6qhiegfrG+4OZh8AAECiq8=
webtyp.com/mcp v0.2.40/go.mod h1:5oJf7goPGKtwfi+UvAnmptr220JP1HuA8SnaEmnqeu4=
webtyp.com/model v0.2.1 h1:VNaRtJrqPs6aJGvseuU18l6+4clUWDd5g6CwlQVPL80=
webtyp.com/model v0.2.1/go.mod h1:OkyYeE3GOG8eAQGhd9wVsORAhr+xYj3q8avpoGXG25c=
webtyp.com/nn v0.4.2 h1:U7gNqjVmIhUkB111QTKcp++8YrJKchV7/T8jr4yvZBk=
webtyp.com/nn v0.4.2/go.mod h1:SefWO/kfREChwxoBVGrvuqT0iMRN89cKp4Lnq5nWAQE=
webtyp.com/opfs v0.1.3 h1:RURzaaxQLRxgvNDPwcYCqXZCabiybkLJM+Iq7pyyFDA=
webtyp.com/opfs v0.1.3/go.mod h1:oQb5KuuAVBm1/m+4z4Zz9HoCkgjSslkYE7DKRrDJLp8=
webtyp.com/pwa v0.1.1 h1:WlOjjwOfiXTxzWaEAJZzp1DzgDxL/LoiLtemr52eAik=
webtyp.com/pwa v0.1.1/go.mod h1:gnpAT+pdfEUL9KST58CoqQQRSLda9N237QiXJGCJpqc=
webtyp.com/qwen v0.4.7 h1:tb1ymhRYo3BQR08yjEUg9CiL+DV915n0uQqdpQMOINQ=
webtyp.com/qwen v0.4.7/go.mod h1:ZjVUXNX3mMU4YLnYdRN0oUT5soMFRcGjdjBoMPnPXZc=
webtyp.com/router v0.3.1 h1:r4Fnr20BUJuIrFaPSNlI0z4BJGXZYWwxaugnKb81oVQ=
webtyp.com/router v0.3.1/go.mod h1:C7IDoFEuwq8kTMeM+qzCPP9dY0Yd2PP8xU4zNiN0FAI=
webtyp.com/time v0.5.7 h1:4AoyN4vnDXxxdePcHu59F+YlhjgHJwv7svWGMtpuq6w=
webtyp.com/time v0.5.7/go.mod h1:V6ew493Rk+an2mV77vVjytPAbtlsELVZ4O4wGqu4tUI=
webtyp.com/tokenizer v0.4.2 h1:N0uy6SlVcV19+y+gwvDrpNq9BD5jLUAb5cnzdf3z1PA=
webtyp.com/tokenizer v0.4.2/go.mod h1:fwNrKvAZ7iDSSHTVRAHKoGlSNFH+R1nLV1MnnjGQhSk=
webtyp.com/unixid v0.2.29 h1:FT+gIGpVRJfBU5b/srrv2xketLH8eRh64AmJWM4KZJY=
webtyp.com/unixid v0.2.29/go.mod h1:/WObHBtM+xsGaUKrbKJSU16f5/hsYslFDHA7CccjMtY=
webtyp.com/vector v0.1.1 h1:f4PsIPz5lYrXEEhbbPUz4bfd2+i7ujVGfsZRpf/G7/4=
webtyp.com/vector v0.1.1/go.mod h1:IrRH9GrQ5Ym6DquOtuu+15W3nekNhaR8oRcdj+oDExQ=
webtyp.com/weights v0.3.0 h1:FoQpfpDI8hyaRJXMAohQZ/S7MWL7bBs38ZR/uWFkooc=
webtyp.com/weights v0.3.0/go.mod h1:KclzOcxyL4JJA9+6IqKVR6QKTIJFQCRSvBbzXQKmlnY=
